
Microsoft Visual Studio Solution File, Format Version 12.00
# Visual Studio Version 17
VisualStudioVersion = 17.10.34928.147
MinimumVisualStudioVersion = 10.0.40219.1
Project("{8BC9CEB8-8B4A-11D0-8D11-00A0C91BC942}") = "ConsoleApplication2", "ConsoleApplication2\ConsoleApplication2.vcxproj", "{C5FC598D-3510-4CA1-9BEF-2D1F321DD5CA}"
EndProject
Global
	GlobalSection(SolutionConfigurationPlatforms) = preSolution
		Debug|x64 = Debug|x64
		Debug|x86 = Debug|x86
		Release|x64 = Release|x64
		Release|x86 = Release|x86
	EndGlobalSection
	GlobalSection(ProjectConfigurationPlatforms) = postSolution
		{C5FC598D-3510-4CA1-9BEF-2D1F321DD5CA}.Debug|x64.ActiveCfg = Debug|x64
		{C5FC598D-3510-4CA1-9BEF-2D1F321DD5CA}.Debug|x64.Build.0 = Debug|x64
		{C5FC598D-3510-4CA1-9BEF-2D1F321DD5CA}.Debug|x86.ActiveCfg = Debug|Win32
		{C5FC598D-3510-4CA1-9BEF-2D1F321DD5CA}.Debug|x86.Build.0 = Debug|Win32
		{C5FC598D-3510-4CA1-9BEF-2D1F321DD5CA}.Release|x64.ActiveCfg = Release|x64
		{C5FC598D-3510-4CA1-9BEF-2D1F321DD5CA}.Release|x64.Build.0 = Release|x64
		{C5FC598D-3510-4CA1-9BEF-2D1F321DD5CA}.Release|x86.ActiveCfg = Release|Win32
		{C5FC598D-3510-4CA1-9BEF-2D1F321DD5CA}.Release|x86.Build.0 = Release|Win32
	EndGlobalSection
	GlobalSection(SolutionProperties) = preSolution
		HideSolutionNode = FALSE
	EndGlobalSection
	GlobalSection(ExtensibilityGlobals) = postSolution
		SolutionGuid = {02B9B6F9-906C-4C28-A3D3-61003DDF343B}
	EndGlobalSection
EndGlobal
